{
  "lockfileVersion": 1,
  "workspaces": {
    "": {
      "name": "claude-hackathon",
      "dependencies": {
        "jose": "^6.1.3",
        "marked": "^17.0.3",
        "tinybase": "^9.3.0",
      },
    },
  },
  "packages": {
    "jose": ["jose@6.1.3", "", {}, "sha512-0TpaTfihd4QMNwrz/ob2Bp7X04yuxJkjRGi4aKmOqwhov54i6u79oCv7T+C7lo70MKH6BesI3vscD1yb/yzKXQ=="],

    "marked": ["marked@17.0.3", "", { "bin": { "marked": "bin/marked.js" } }, "sha512-jt1v2ObpyOKR8p4XaUJVk3YWRJ5n+i4+rjQopxvV32rSndTJXvIzuUdWWIy/1pFQMkQmvTXawzDNqOH/CUmx6A=="],

    "tinybase": ["tinybase@9.3.0", "", { "peerDependencies": { "@automerge/automerge-repo": "^2.5.6", "@cloudflare/workers-types": "^5.20260726.1", "@electric-sql/pglite": "^0.5.4", "@libsql/client": "^0.17.4", "@powersync/common": "^2.0.0", "@sinclair/typebox": "^0.34.52", "@sqlite.org/sqlite-wasm": "^3.53.0-build1", "@vlcn.io/crsqlite-wasm": "^0.16.0", "arktype": "^2.2.3", "bun": "^1.3.14", "effect": "^3.22.0", "electric-sql": "^0.12.1", "expo": "^57.0.8", "expo-sqlite": "^57.0.1", "partykit": "^0.0.115", "partysocket": "^1.3.0", "postgres": "^3.4.9", "react": "^19.2.8", "react-dom": "^19.2.8", "react-native-mmkv": "4.3.2", "react-native-sqlite-storage": "^6.0.1", "solid-js": "^1.9.14", "sqlite3": "^5.1.7", "svelte": "^5.56.8", "valibot": "^1.4.2", "ws": "^8.21.1", "yjs": "^13.6.31", "zod": "^4.4.3" }, "optionalPeers": ["@automerge/automerge-repo", "@cloudflare/workers-types", "@electric-sql/pglite", "@libsql/client", "@powersync/common", "@sinclair/typebox", "@sqlite.org/sqlite-wasm", "@vlcn.io/crsqlite-wasm", "arktype", "bun", "effect", "electric-sql", "expo", "expo-sqlite", "partykit", "partysocket", "postgres", "react", "react-dom", "react-native-mmkv", "react-native-sqlite-storage", "solid-js", "sqlite3", "svelte", "valibot", "ws", "yjs", "zod"] }, "sha512-jJxoeuL1PSFroVjUBJCTEceAktzhylRyu4xpwvwGtT3yzKY0VKtOeFgxDj/5xereDGtOxzhEoDZ5lqEkk08HdQ=="],
  }
}
